{
  "name": "test",
  "lockfileVersion": 3,
  "requires": true,
  "packages": {
    "../../../../../AppData/Roaming/npm/node_modules/modules": {
      "version": "0.4.0",
      "extraneous": true,
      "devDependencies": {
        "async": "^0.8",
        "grunt": "^0.4",
        "grunt-cli": "^0.1",
        "grunt-contrib-jshint": "*",
        "grunt-contrib-nodeunit": "*",
        "grunt-contrib-uglify": "*",
        "jsdom": "^0.10"
      },
      "engines": {
        "node": "*"
      }
    }
  }
}
